
Microsoft Visual Studio Solution File, Format Version 12.00
# Visual Studio 15
VisualStudioVersion = 15.0.27428.2015
MinimumVisualStudioVersion = 10.0.40219.1
Project("{FAE04EC0-301F-11D3-BF4B-00C04F79EFBC}") = "FuseDeskApi", "FuseDeskApi\FuseDeskApi.csproj", "{ACC6D41D-5EA0-4C62-8F76-26FC8F05B2F2}"
EndProject
Global
	GlobalSection(SolutionConfigurationPlatforms) = preSolution
		Debug|Any CPU = Debug|Any CPU
		Release|Any CPU = Release|Any CPU
	EndGlobalSection
	GlobalSection(ProjectConfigurationPlatforms) = postSolution
		{ACC6D41D-5EA0-4C62-8F76-26FC8F05B2F2}.Debug|Any CPU.ActiveCfg = Debug|Any CPU
		{ACC6D41D-5EA0-4C62-8F76-26FC8F05B2F2}.Debug|Any CPU.Build.0 = Debug|Any CPU
		{ACC6D41D-5EA0-4C62-8F76-26FC8F05B2F2}.Release|Any CPU.ActiveCfg = Release|Any CPU
		{ACC6D41D-5EA0-4C62-8F76-26FC8F05B2F2}.Release|Any CPU.Build.0 = Release|Any CPU
	EndGlobalSection
	GlobalSection(SolutionProperties) = preSolution
		HideSolutionNode = FALSE
	EndGlobalSection
	GlobalSection(ExtensibilityGlobals) = postSolution
		SolutionGuid = {E678416E-B2C7-4E1A-ACF8-A5E27FB90EF6}
	EndGlobalSection
EndGlobal
